
Microsoft Visual Studio Solution File, Format Version 12.00
# Visual Studio Version 17
VisualStudioVersion = 17.1.32421.90
MinimumVisualStudioVersion = 10.0.40219.1
Project("{FAE04EC0-301F-11D3-BF4B-00C04F79EFBC}") = "Container", "Container\Container.csproj", "{F9EA4972-343D-4392-AB41-A08855B72375}"
EndProject
Global
	GlobalSection(SolutionConfigurationPlatforms) = preSolution
		Debug|Any CPU = Debug|Any CPU
		Release|Any CPU = Release|Any CPU
	EndGlobalSection
	GlobalSection(ProjectConfigurationPlatforms) = postSolution
		{F9EA4972-343D-4392-AB41-A08855B72375}.Debug|Any CPU.ActiveCfg = Debug|Any CPU
		{F9EA4972-343D-4392-AB41-A08855B72375}.Debug|Any CPU.Build.0 = Debug|Any CPU
		{F9EA4972-343D-4392-AB41-A08855B72375}.Release|Any CPU.ActiveCfg = Release|Any CPU
		{F9EA4972-343D-4392-AB41-A08855B72375}.Release|Any CPU.Build.0 = Release|Any CPU
	EndGlobalSection
	GlobalSection(SolutionProperties) = preSolution
		HideSolutionNode = FALSE
	EndGlobalSection
	GlobalSection(ExtensibilityGlobals) = postSolution
		SolutionGuid = {4F24DBC0-BAD0-4292-9C0D-AC311129AD9A}
	EndGlobalSection
EndGlobal
